
Microsoft Visual Studio Solution File, Format Version 12.00
# Visual Studio Version 16
VisualStudioVersion = 16.0.30114.105
MinimumVisualStudioVersion = 10.0.40219.1
Project("{2150E333-8FDC-42A3-9474-1A3956D46DE8}") = "src", "src", "{F1C7643C-8959-4442-A83C-5873318B61E7}"
EndProject
Project("{9A19103F-16F7-4668-BE54-9A1E7A4F7556}") = "JobQueue", "src\JobQueue\JobQueue.csproj", "{EDC52FE5-0574-4F47-AD54-672A2D9A115E}"
EndProject
Global
	GlobalSection(SolutionConfigurationPlatforms) = preSolution
		Debug|Any CPU = Debug|Any CPU
		Debug|x64 = Debug|x64
		Debug|x86 = Debug|x86
		Release|Any CPU = Release|Any CPU
		Release|x64 = Release|x64
		Release|x86 = Release|x86
	EndGlobalSection
	GlobalSection(ProjectConfigurationPlatforms) = postSolution
		{EDC52FE5-0574-4F47-AD54-672A2D9A115E}.Debug|Any CPU.ActiveCfg = Debug|Any CPU
		{EDC52FE5-0574-4F47-AD54-672A2D9A115E}.Debug|Any CPU.Build.0 = Debug|Any CPU
		{EDC52FE5-0574-4F47-AD54-672A2D9A115E}.Debug|x64.ActiveCfg = Debug|Any CPU
		{EDC52FE5-0574-4F47-AD54-672A2D9A115E}.Debug|x64.Build.0 = Debug|Any CPU
		{EDC52FE5-0574-4F47-AD54-672A2D9A115E}.Debug|x86.ActiveCfg = Debug|Any CPU
		{EDC52FE5-0574-4F47-AD54-672A2D9A115E}.Debug|x86.Build.0 = Debug|Any CPU
		{EDC52FE5-0574-4F47-AD54-672A2D9A115E}.Release|Any CPU.ActiveCfg = Release|Any CPU
		{EDC52FE5-0574-4F47-AD54-672A2D9A115E}.Release|Any CPU.Build.0 = Release|Any CPU
		{EDC52FE5-0574-4F47-AD54-672A2D9A115E}.Release|x64.ActiveCfg = Release|Any CPU
		{EDC52FE5-0574-4F47-AD54-672A2D9A115E}.Release|x64.Build.0 = Release|Any CPU
		{EDC52FE5-0574-4F47-AD54-672A2D9A115E}.Release|x86.ActiveCfg = Release|Any CPU
		{EDC52FE5-0574-4F47-AD54-672A2D9A115E}.Release|x86.Build.0 = Release|Any CPU
	EndGlobalSection
	GlobalSection(SolutionProperties) = preSolution
		HideSolutionNode = FALSE
	EndGlobalSection
	GlobalSection(NestedProjects) = preSolution
		{EDC52FE5-0574-4F47-AD54-672A2D9A115E} = {F1C7643C-8959-4442-A83C-5873318B61E7}
	EndGlobalSection
	GlobalSection(ExtensibilityGlobals) = postSolution
		SolutionGuid = {4B0CC107-658D-4858-86CE-92227D27DA84}
	EndGlobalSection
EndGlobal
